
Microsoft Visual Studio Solution File, Format Version 12.00
# Visual Studio 15
VisualStudioVersion = 15.0.25807.0
MinimumVisualStudioVersion = 10.0.40219.1
Project("{2150E333-8FDC-42A3-9474-1A3956D46DE8}") = "Engine", "Engine", "{E541E345-1CA0-41A7-9656-5F7B73FACD40}"
EndProject
Project("{2150E333-8FDC-42A3-9474-1A3956D46DE8}") = "Games", "Games", "{9392CCDA-94E1-4278-ABB5-DCA5AAEE6C54}"
EndProject
Project("{8BC9CEB8-8B4A-11D0-8D11-00A0C91BC942}") = "MultiRPG", "Intermediate\ProjectFiles\MultiRPG.vcxproj", "{A5A16369-3494-4307-9347-9122891740F4}"
EndProject
Project("{8BC9CEB8-8B4A-11D0-8D11-00A0C91BC942}") = "UE4", "Intermediate\ProjectFiles\UE4.vcxproj", "{D32A34EA-A32B-42FC-A50B-52D0A501F2CB}"
EndProject
Project("{2150E333-8FDC-42A3-9474-1A3956D46DE8}") = "Visualizers", "Visualizers", "{5E5AC9A8-D8ED-47F1-AC56-DD6038C46CE2}"
	ProjectSection(SolutionItems) = preProject
		..\..\..\..\Program Files\Epic Games\UE_4.22\Engine\Extras\VisualStudioDebugging\UE4.natvis = ..\..\..\..\Program Files\Epic Games\UE_4.22\Engine\Extras\VisualStudioDebugging\UE4.natvis
	EndProjectSection
EndProject
Global
	GlobalSection(SolutionConfigurationPlatforms) = preSolution
		DebugGame Editor|HTML5 = DebugGame Editor|HTML5
		DebugGame Editor|IOS = DebugGame Editor|IOS
		DebugGame Editor|Win32 = DebugGame Editor|Win32
		DebugGame Editor|Win64 = DebugGame Editor|Win64
		DebugGame|HTML5 = DebugGame|HTML5
		DebugGame|IOS = DebugGame|IOS
		DebugGame|Win32 = DebugGame|Win32
		DebugGame|Win64 = DebugGame|Win64
		Development Editor|HTML5 = Development Editor|HTML5
		Development Editor|IOS = Development Editor|IOS
		Development Editor|Win32 = Development Editor|Win32
		Development Editor|Win64 = Development Editor|Win64
		Development|HTML5 = Development|HTML5
		Development|IOS = Development|IOS
		Development|Win32 = Development|Win32
		Development|Win64 = Development|Win64
		Shipping|HTML5 = Shipping|HTML5
		Shipping|IOS = Shipping|IOS
		Shipping|Win32 = Shipping|Win32
		Shipping|Win64 = Shipping|Win64
	EndGlobalSection
	GlobalSection(ProjectConfigurationPlatforms) = postSolution
		{A5A16369-3494-4307-9347-9122891740F4}.DebugGame Editor|HTML5.ActiveCfg = Invalid|Win32
		{A5A16369-3494-4307-9347-9122891740F4}.DebugGame Editor|IOS.ActiveCfg = Invalid|Win32
		{A5A16369-3494-4307-9347-9122891740F4}.DebugGame Editor|Win32.ActiveCfg = Invalid|Win32
		{A5A16369-3494-4307-9347-9122891740F4}.DebugGame Editor|Win64.ActiveCfg = DebugGame_Editor|x64
		{A5A16369-3494-4307-9347-9122891740F4}.DebugGame Editor|Win64.Build.0 = DebugGame_Editor|x64
		{A5A16369-3494-4307-9347-9122891740F4}.DebugGame|HTML5.ActiveCfg = HTML5_DebugGame|Win32
		{A5A16369-3494-4307-9347-9122891740F4}.DebugGame|HTML5.Build.0 = HTML5_DebugGame|Win32
		{A5A16369-3494-4307-9347-9122891740F4}.DebugGame|IOS.ActiveCfg = IOS_DebugGame|Win32
		{A5A16369-3494-4307-9347-9122891740F4}.DebugGame|IOS.Build.0 = IOS_DebugGame|Win32
		{A5A16369-3494-4307-9347-9122891740F4}.DebugGame|Win32.ActiveCfg = DebugGame|Win32
		{A5A16369-3494-4307-9347-9122891740F4}.DebugGame|Win32.Build.0 = DebugGame|Win32
		{A5A16369-3494-4307-9347-9122891740F4}.DebugGame|Win64.ActiveCfg = DebugGame|x64
		{A5A16369-3494-4307-9347-9122891740F4}.DebugGame|Win64.Build.0 = DebugGame|x64
		{A5A16369-3494-4307-9347-9122891740F4}.Development Editor|HTML5.ActiveCfg = Invalid|Win32
		{A5A16369-3494-4307-9347-9122891740F4}.Development Editor|IOS.ActiveCfg = Invalid|Win32
		{A5A16369-3494-4307-9347-9122891740F4}.Development Editor|Win32.ActiveCfg = Invalid|Win32
		{A5A16369-3494-4307-9347-9122891740F4}.Development Editor|Win64.ActiveCfg = Development_Editor|x64
		{A5A16369-3494-4307-9347-9122891740F4}.Development Editor|Win64.Build.0 = Development_Editor|x64
		{A5A16369-3494-4307-9347-9122891740F4}.Development|HTML5.ActiveCfg = HTML5_Development|Win32
		{A5A16369-3494-4307-9347-9122891740F4}.Development|HTML5.Build.0 = HTML5_Development|Win32
		{A5A16369-3494-4307-9347-9122891740F4}.Development|IOS.ActiveCfg = IOS_Development|Win32
		{A5A16369-3494-4307-9347-9122891740F4}.Development|IOS.Build.0 = IOS_Development|Win32
		{A5A16369-3494-4307-9347-9122891740F4}.Development|Win32.ActiveCfg = Development|Win32
		{A5A16369-3494-4307-9347-9122891740F4}.Development|Win32.Build.0 = Development|Win32
		{A5A16369-3494-4307-9347-9122891740F4}.Development|Win64.ActiveCfg = Development|x64
		{A5A16369-3494-4307-9347-9122891740F4}.Development|Win64.Build.0 = Development|x64
		{A5A16369-3494-4307-9347-9122891740F4}.Shipping|HTML5.ActiveCfg = HTML5_Shipping|Win32
		{A5A16369-3494-4307-9347-9122891740F4}.Shipping|HTML5.Build.0 = HTML5_Shipping|Win32
		{A5A16369-3494-4307-9347-9122891740F4}.Shipping|IOS.ActiveCfg = IOS_Shipping|Win32
		{A5A16369-3494-4307-9347-9122891740F4}.Shipping|IOS.Build.0 = IOS_Shipping|Win32
		{A5A16369-3494-4307-9347-9122891740F4}.Shipping|Win32.ActiveCfg = Shipping|Win32
		{A5A16369-3494-4307-9347-9122891740F4}.Shipping|Win32.Build.0 = Shipping|Win32
		{A5A16369-3494-4307-9347-9122891740F4}.Shipping|Win64.ActiveCfg = Shipping|x64
		{A5A16369-3494-4307-9347-9122891740F4}.Shipping|Win64.Build.0 = Shipping|x64
		{D32A34EA-A32B-42FC-A50B-52D0A501F2CB}.DebugGame Editor|HTML5.ActiveCfg = BuiltWithUnrealBuildTool|Win32
		{D32A34EA-A32B-42FC-A50B-52D0A501F2CB}.DebugGame Editor|IOS.ActiveCfg = BuiltWithUnrealBuildTool|Win32
		{D32A34EA-A32B-42FC-A50B-52D0A501F2CB}.DebugGame Editor|Win32.ActiveCfg = BuiltWithUnrealBuildTool|Win32
		{D32A34EA-A32B-42FC-A50B-52D0A501F2CB}.DebugGame Editor|Win64.ActiveCfg = BuiltWithUnrealBuildTool|Win32
		{D32A34EA-A32B-42FC-A50B-52D0A501F2CB}.DebugGame|HTML5.ActiveCfg = BuiltWithUnrealBuildTool|Win32
		{D32A34EA-A32B-42FC-A50B-52D0A501F2CB}.DebugGame|IOS.ActiveCfg = BuiltWithUnrealBuildTool|Win32
		{D32A34EA-A32B-42FC-A50B-52D0A501F2CB}.DebugGame|Win32.ActiveCfg = BuiltWithUnrealBuildTool|Win32
		{D32A34EA-A32B-42FC-A50B-52D0A501F2CB}.DebugGame|Win64.ActiveCfg = BuiltWithUnrealBuildTool|Win32
		{D32A34EA-A32B-42FC-A50B-52D0A501F2CB}.Development Editor|HTML5.ActiveCfg = BuiltWithUnrealBuildTool|Win32
		{D32A34EA-A32B-42FC-A50B-52D0A501F2CB}.Development Editor|IOS.ActiveCfg = BuiltWithUnrealBuildTool|Win32
		{D32A34EA-A32B-42FC-A50B-52D0A501F2CB}.Development Editor|Win32.ActiveCfg = BuiltWithUnrealBuildTool|Win32
		{D32A34EA-A32B-42FC-A50B-52D0A501F2CB}.Development Editor|Win64.ActiveCfg = BuiltWithUnrealBuildTool|Win32
		{D32A34EA-A32B-42FC-A50B-52D0A501F2CB}.Development|HTML5.ActiveCfg = BuiltWithUnrealBuildTool|Win32
		{D32A34EA-A32B-42FC-A50B-52D0A501F2CB}.Development|IOS.ActiveCfg = BuiltWithUnrealBuildTool|Win32
		{D32A34EA-A32B-42FC-A50B-52D0A501F2CB}.Development|Win32.ActiveCfg = BuiltWithUnrealBuildTool|Win32
		{D32A34EA-A32B-42FC-A50B-52D0A501F2CB}.Development|Win64.ActiveCfg = BuiltWithUnrealBuildTool|Win32
		{D32A34EA-A32B-42FC-A50B-52D0A501F2CB}.Shipping|HTML5.ActiveCfg = BuiltWithUnrealBuildTool|Win32
		{D32A34EA-A32B-42FC-A50B-52D0A501F2CB}.Shipping|IOS.ActiveCfg = BuiltWithUnrealBuildTool|Win32
		{D32A34EA-A32B-42FC-A50B-52D0A501F2CB}.Shipping|Win32.ActiveCfg = BuiltWithUnrealBuildTool|Win32
		{D32A34EA-A32B-42FC-A50B-52D0A501F2CB}.Shipping|Win64.ActiveCfg = BuiltWithUnrealBuildTool|Win32
	EndGlobalSection
	GlobalSection(SolutionProperties) = preSolution
		HideSolutionNode = FALSE
	EndGlobalSection
	GlobalSection(NestedProjects) = preSolution
		{D32A34EA-A32B-42FC-A50B-52D0A501F2CB} = {E541E345-1CA0-41A7-9656-5F7B73FACD40}
		{A5A16369-3494-4307-9347-9122891740F4} = {9392CCDA-94E1-4278-ABB5-DCA5AAEE6C54}
	EndGlobalSection
EndGlobal
